dependencies:
- name: grafana
  repository: https://grafana-community.github.io/helm-charts
  version: 12.10.1
- name: vault-secret
  repository: file://../../../shared/vault-secret
  version: 0.1.0
digest: sha256:997ff495cf9b6fcc157abd5e6e4d2e69217e4d531e1fb0d4648e9135b65001e9
generated: "2026-08-05T04:10:18.051963+03:00"
